
Microsoft Visual Studio Solution File, Format Version 12.00
# Visual Studio Version 17
VisualStudioVersion = 17.9.34728.123
MinimumVisualStudioVersion = 10.0.40219.1
Project("{FAE04EC0-301F-11D3-BF4B-00C04F79EFBC}") = "ejercicio1", "ejercicio1.csproj", "{E1D475F2-A93E-4282-A985-B75E4DFB5AEC}"
EndProject
Global
	GlobalSection(SolutionConfigurationPlatforms) = preSolution
		Debug|Any CPU = Debug|Any CPU
		Release|Any CPU = Release|Any CPU
	EndGlobalSection
	GlobalSection(ProjectConfigurationPlatforms) = postSolution
		{E1D475F2-A93E-4282-A985-B75E4DFB5AEC}.Debug|Any CPU.ActiveCfg = Debug|Any CPU
		{E1D475F2-A93E-4282-A985-B75E4DFB5AEC}.Debug|Any CPU.Build.0 = Debug|Any CPU
		{E1D475F2-A93E-4282-A985-B75E4DFB5AEC}.Release|Any CPU.ActiveCfg = Release|Any CPU
		{E1D475F2-A93E-4282-A985-B75E4DFB5AEC}.Release|Any CPU.Build.0 = Release|Any CPU
	EndGlobalSection
	GlobalSection(SolutionProperties) = preSolution
		HideSolutionNode = FALSE
	EndGlobalSection
	GlobalSection(ExtensibilityGlobals) = postSolution
		SolutionGuid = {0F02B93B-518E-417C-B78C-20C33DBBF2F8}
	EndGlobalSection
EndGlobal
